
Microsoft Visual Studio Solution File, Format Version 12.00
# Visual Studio 14
VisualStudioVersion = 14.0.25123.0
MinimumVisualStudioVersion = 10.0.40219.1
Project("{FAE04EC0-301F-11D3-BF4B-00C04F79EFBC}") = "Me.Task.Ctrl", "Me.Task.Ctrl\Me.Task.Ctrl.csproj", "{14A3C49C-830B-4C91-8BBD-562B56DF4A52}"
EndProject
Project("{FAE04EC0-301F-11D3-BF4B-00C04F79EFBC}") = "Me.Task.Jobs.BackupDisk", "Me.Task.Jobs.BackupDisk\Me.Task.Jobs.BackupDisk.csproj", "{2D95F197-3532-46EF-9925-F8C307C2F666}"
EndProject
Project("{FAE04EC0-301F-11D3-BF4B-00C04F79EFBC}") = "MeTaskBackupDisk", "MeTaskBackupDisk\MeTaskBackupDisk.csproj", "{0357A3D7-0A13-4122-BB33-F031C14BB6AA}"
EndProject
Global
	GlobalSection(SolutionConfigurationPlatforms) = preSolution
		Debug|Any CPU = Debug|Any CPU
		Release|Any CPU = Release|Any CPU
	EndGlobalSection
	GlobalSection(ProjectConfigurationPlatforms) = postSolution
		{14A3C49C-830B-4C91-8BBD-562B56DF4A52}.Debug|Any CPU.ActiveCfg = Debug|Any CPU
		{14A3C49C-830B-4C91-8BBD-562B56DF4A52}.Debug|Any CPU.Build.0 = Debug|Any CPU
		{14A3C49C-830B-4C91-8BBD-562B56DF4A52}.Release|Any CPU.ActiveCfg = Release|Any CPU
		{14A3C49C-830B-4C91-8BBD-562B56DF4A52}.Release|Any CPU.Build.0 = Release|Any CPU
		{2D95F197-3532-46EF-9925-F8C307C2F666}.Debug|Any CPU.ActiveCfg = Debug|Any CPU
		{2D95F197-3532-46EF-9925-F8C307C2F666}.Debug|Any CPU.Build.0 = Debug|Any CPU
		{2D95F197-3532-46EF-9925-F8C307C2F666}.Release|Any CPU.ActiveCfg = Release|Any CPU
		{2D95F197-3532-46EF-9925-F8C307C2F666}.Release|Any CPU.Build.0 = Release|Any CPU
		{0357A3D7-0A13-4122-BB33-F031C14BB6AA}.Debug|Any CPU.ActiveCfg = Debug|Any CPU
		{0357A3D7-0A13-4122-BB33-F031C14BB6AA}.Debug|Any CPU.Build.0 = Debug|Any CPU
		{0357A3D7-0A13-4122-BB33-F031C14BB6AA}.Release|Any CPU.ActiveCfg = Release|Any CPU
		{0357A3D7-0A13-4122-BB33-F031C14BB6AA}.Release|Any CPU.Build.0 = Release|Any CPU
	EndGlobalSection
	GlobalSection(SolutionProperties) = preSolution
		HideSolutionNode = FALSE
	EndGlobalSection
EndGlobal
